
Microsoft Visual Studio Solution File, Format Version 11.00
# Visual Studio 2010
Project("{FAE04EC0-301F-11D3-BF4B-00C04F79EFBC}") = "WakeUpTimeCalculating", "WakeUpTimeCalculating\WakeUpTimeCalculating.csproj", "{525C6CC0-5EE0-42A2-9099-8D3C9C3EA8AF}"
EndProject
Global
	GlobalSection(SolutionConfigurationPlatforms) = preSolution
		Debug|x86 = Debug|x86
		Release|x86 = Release|x86
	EndGlobalSection
	GlobalSection(ProjectConfigurationPlatforms) = postSolution
		{525C6CC0-5EE0-42A2-9099-8D3C9C3EA8AF}.Debug|x86.ActiveCfg = Debug|x86
		{525C6CC0-5EE0-42A2-9099-8D3C9C3EA8AF}.Debug|x86.Build.0 = Debug|x86
		{525C6CC0-5EE0-42A2-9099-8D3C9C3EA8AF}.Release|x86.ActiveCfg = Release|x86
		{525C6CC0-5EE0-42A2-9099-8D3C9C3EA8AF}.Release|x86.Build.0 = Release|x86
	EndGlobalSection
	GlobalSection(SolutionProperties) = preSolution
		HideSolutionNode = FALSE
	EndGlobalSection
EndGlobal
